
Microsoft Visual Studio Solution File, Format Version 12.00
# Visual Studio Version 18
VisualStudioVersion = 18.3.11520.95 d18.3
MinimumVisualStudioVersion = 10.0.40219.1
Project("{FAE04EC0-301F-11D3-BF4B-00C04F79EFBC}") = "BarbeariaLaBuhBuh", "BarbeariaLaBuhBuh.csproj", "{65836C74-384C-8F99-A852-11C531FFF8CF}"
EndProject
Global
	GlobalSection(SolutionConfigurationPlatforms) = preSolution
		Debug|Any CPU = Debug|Any CPU
		Release|Any CPU = Release|Any CPU
	EndGlobalSection
	GlobalSection(ProjectConfigurationPlatforms) = postSolution
		{65836C74-384C-8F99-A852-11C531FFF8CF}.Debug|Any CPU.ActiveCfg = Debug|Any CPU
		{65836C74-384C-8F99-A852-11C531FFF8CF}.Debug|Any CPU.Build.0 = Debug|Any CPU
		{65836C74-384C-8F99-A852-11C531FFF8CF}.Release|Any CPU.ActiveCfg = Release|Any CPU
		{65836C74-384C-8F99-A852-11C531FFF8CF}.Release|Any CPU.Build.0 = Release|Any CPU
	EndGlobalSection
	GlobalSection(SolutionProperties) = preSolution
		HideSolutionNode = FALSE
	EndGlobalSection
	GlobalSection(ExtensibilityGlobals) = postSolution
		SolutionGuid = {3A5384A6-2751-4DFA-AA0A-DB98D74F19E9}
	EndGlobalSection
EndGlobal
